
Microsoft Visual Studio Solution File, Format Version 12.00
# Visual Studio 2012
Project("{D954291E-2A0B-460D-934E-DC6B0785DB48}") = "VSACLiveXamarin", "VSACLiveXamarin.shproj", "{8BFA20D7-C168-4B68-B0FB-059DB740A1EB}"
EndProject
Project("{FAE04EC0-301F-11D3-BF4B-00C04F79EFBC}") = "VSACLiveXamarin.iOS", "iOS\VSACLiveXamarin.iOS.csproj", "{7416933F-204B-44B7-9A34-CF764440B8E8}"
EndProject
Project("{FAE04EC0-301F-11D3-BF4B-00C04F79EFBC}") = "VSACLiveXamarin.Droid", "Droid\VSACLiveXamarin.Droid.csproj", "{9AC8BEDC-0642-440C-A91D-EB6C68AC0331}"
EndProject
Project("{FAE04EC0-301F-11D3-BF4B-00C04F79EFBC}") = "VSACLiveXamarin.Test.Droid", "VSACLiveXamarin.Test.Droid\VSACLiveXamarin.Test.Droid.csproj", "{6751D4E4-74C6-457B-9C3E-3F41869F99B2}"
EndProject
Global
	GlobalSection(SolutionConfigurationPlatforms) = preSolution
		Debug|iPhoneSimulator = Debug|iPhoneSimulator
		Release|iPhone = Release|iPhone
		Release|iPhoneSimulator = Release|iPhoneSimulator
		Debug|iPhone = Debug|iPhone
		Debug|Any CPU = Debug|Any CPU
		Release|Any CPU = Release|Any CPU
	EndGlobalSection
	GlobalSection(ProjectConfigurationPlatforms) = postSolution
		{7416933F-204B-44B7-9A34-CF764440B8E8}.Debug|iPhoneSimulator.ActiveCfg = Debug|iPhoneSimulator
		{7416933F-204B-44B7-9A34-CF764440B8E8}.Debug|iPhoneSimulator.Build.0 = Debug|iPhoneSimulator
		{7416933F-204B-44B7-9A34-CF764440B8E8}.Release|iPhone.ActiveCfg = Release|iPhone
		{7416933F-204B-44B7-9A34-CF764440B8E8}.Release|iPhone.Build.0 = Release|iPhone
		{7416933F-204B-44B7-9A34-CF764440B8E8}.Release|iPhoneSimulator.ActiveCfg = Release|iPhoneSimulator
		{7416933F-204B-44B7-9A34-CF764440B8E8}.Release|iPhoneSimulator.Build.0 = Release|iPhoneSimulator
		{7416933F-204B-44B7-9A34-CF764440B8E8}.Debug|iPhone.ActiveCfg = Debug|iPhone
		{7416933F-204B-44B7-9A34-CF764440B8E8}.Debug|iPhone.Build.0 = Debug|iPhone
		{7416933F-204B-44B7-9A34-CF764440B8E8}.Debug|Any CPU.ActiveCfg = Debug|iPhoneSimulator
		{7416933F-204B-44B7-9A34-CF764440B8E8}.Debug|Any CPU.Build.0 = Debug|iPhoneSimulator
		{7416933F-204B-44B7-9A34-CF764440B8E8}.Release|Any CPU.ActiveCfg = Release|iPhone
		{7416933F-204B-44B7-9A34-CF764440B8E8}.Release|Any CPU.Build.0 = Release|iPhone
		{9AC8BEDC-0642-440C-A91D-EB6C68AC0331}.Debug|iPhoneSimulator.ActiveCfg = Debug|Any CPU
		{9AC8BEDC-0642-440C-A91D-EB6C68AC0331}.Debug|iPhoneSimulator.Build.0 = Debug|Any CPU
		{9AC8BEDC-0642-440C-A91D-EB6C68AC0331}.Release|iPhone.ActiveCfg = Release|Any CPU
		{9AC8BEDC-0642-440C-A91D-EB6C68AC0331}.Release|iPhone.Build.0 = Release|Any CPU
		{9AC8BEDC-0642-440C-A91D-EB6C68AC0331}.Release|iPhoneSimulator.ActiveCfg = Release|Any CPU
		{9AC8BEDC-0642-440C-A91D-EB6C68AC0331}.Release|iPhoneSimulator.Build.0 = Release|Any CPU
		{9AC8BEDC-0642-440C-A91D-EB6C68AC0331}.Debug|iPhone.ActiveCfg = Debug|Any CPU
		{9AC8BEDC-0642-440C-A91D-EB6C68AC0331}.Debug|iPhone.Build.0 = Debug|Any CPU
		{9AC8BEDC-0642-440C-A91D-EB6C68AC0331}.Debug|Any CPU.ActiveCfg = Debug|Any CPU
		{9AC8BEDC-0642-440C-A91D-EB6C68AC0331}.Debug|Any CPU.Build.0 = Debug|Any CPU
		{9AC8BEDC-0642-440C-A91D-EB6C68AC0331}.Release|Any CPU.ActiveCfg = Release|Any CPU
		{9AC8BEDC-0642-440C-A91D-EB6C68AC0331}.Release|Any CPU.Build.0 = Release|Any CPU
		{6751D4E4-74C6-457B-9C3E-3F41869F99B2}.Debug|iPhoneSimulator.ActiveCfg = Debug|Any CPU
		{6751D4E4-74C6-457B-9C3E-3F41869F99B2}.Debug|iPhoneSimulator.Build.0 = Debug|Any CPU
		{6751D4E4-74C6-457B-9C3E-3F41869F99B2}.Release|iPhone.ActiveCfg = Release|Any CPU
		{6751D4E4-74C6-457B-9C3E-3F41869F99B2}.Release|iPhone.Build.0 = Release|Any CPU
		{6751D4E4-74C6-457B-9C3E-3F41869F99B2}.Release|iPhoneSimulator.ActiveCfg = Release|Any CPU
		{6751D4E4-74C6-457B-9C3E-3F41869F99B2}.Release|iPhoneSimulator.Build.0 = Release|Any CPU
		{6751D4E4-74C6-457B-9C3E-3F41869F99B2}.Debug|iPhone.ActiveCfg = Debug|Any CPU
		{6751D4E4-74C6-457B-9C3E-3F41869F99B2}.Debug|iPhone.Build.0 = Debug|Any CPU
		{6751D4E4-74C6-457B-9C3E-3F41869F99B2}.Debug|Any CPU.ActiveCfg = Debug|Any CPU
		{6751D4E4-74C6-457B-9C3E-3F41869F99B2}.Debug|Any CPU.Build.0 = Debug|Any CPU
		{6751D4E4-74C6-457B-9C3E-3F41869F99B2}.Release|Any CPU.ActiveCfg = Release|Any CPU
		{6751D4E4-74C6-457B-9C3E-3F41869F99B2}.Release|Any CPU.Build.0 = Release|Any CPU
	EndGlobalSection
EndGlobal
